Microsoft Visual Studio Solution File, Format Version 12.00
# Visual Studio Version 17
VisualStudioVersion = 17.5.2.0
MinimumVisualStudioVersion = 10.0.40219.1
Project("{FAE04EC0-301F-11D3-BF4B-00C04F79EFBC}") = "Mini-Project", "Mini-Project.csproj", "{5F106F93-F81A-DEB0-8F47-BC0FEFE98164}"
EndProject
Global
	GlobalSection(SolutionConfigurationPlatforms) = preSolution
		Debug|Any CPU = Debug|Any CPU
		Release|Any CPU = Release|Any CPU
	EndGlobalSection
	GlobalSection(ProjectConfigurationPlatforms) = postSolution
		{5F106F93-F81A-DEB0-8F47-BC0FEFE98164}.Debug|Any CPU.ActiveCfg = Debug|Any CPU
		{5F106F93-F81A-DEB0-8F47-BC0FEFE98164}.Debug|Any CPU.Build.0 = Debug|Any CPU
		{5F106F93-F81A-DEB0-8F47-BC0FEFE98164}.Release|Any CPU.ActiveCfg = Release|Any CPU
		{5F106F93-F81A-DEB0-8F47-BC0FEFE98164}.Release|Any CPU.Build.0 = Release|Any CPU
	EndGlobalSection
	GlobalSection(SolutionProperties) = preSolution
		HideSolutionNode = FALSE
	EndGlobalSection
	GlobalSection(ExtensibilityGlobals) = postSolution
		SolutionGuid = {249E6B57-C000-46AB-8AA0-38C67BB46FC1}
	EndGlobalSection
EndGlobal
